// !$*UTF8*$!
{
	archiveVersion = 1;
	classes = {
	};
	objectVersion = 50;
	objects = {

/* Begin PBXBuildFile section */
		10C4704A242F78A700990F95 /* AppDelegate.swift in Sources */ = {isa = PBXBuildFile; fileRef = 10C47049242F78A700990F95 /* AppDelegate.swift */; };
		10C4704C242F78A700990F95 /* SceneDelegate.swift in Sources */ = {isa = PBXBuildFile; fileRef = 10C4704B242F78A700990F95 /* SceneDelegate.swift */; };
		10C4704E242F78A700990F95 /* MealViewController.swift in Sources */ = {isa = PBXBuildFile; fileRef = 10C4704D242F78A700990F95 /* MealViewController.swift */; };
		10C47051242F78A700990F95 /* Main.storyboard in Resources */ = {isa = PBXBuildFile; fileRef = 10C4704F242F78A700990F95 /* Main.storyboard */; };
		10C47053242F78A800990F95 /* Assets.xcassets in Resources */ = {isa = PBXBuildFile; fileRef = 10C47052242F78A800990F95 /* Assets.xcassets */; };
		10C47056242F78A800990F95 /* LaunchScreen.storyboard in Resources */ = {isa = PBXBuildFile; fileRef = 10C47054242F78A800990F95 /* LaunchScreen.storyboard */; };
		10C47061242F78A800990F95 /* FoodTrackerTests.swift in Sources */ = {isa = PBXBuildFile; fileRef = 10C47060242F78A800990F95 /* FoodTrackerTests.swift */; };
		10C4706C242FA57800990F95 /* RatingControl.swift in Sources */ = {isa = PBXBuildFile; fileRef = 10C4706B242FA57800990F95 /* RatingControl.swift */; };
		10C4706E242FD19000990F95 /* Meal.swift in Sources */ = {isa = PBXBuildFile; fileRef = 10C4706D242FD19000990F95 /* Meal.swift */; };
		10C47072242FD9F500990F95 /* MealTableViewCell.swift in Sources */ = {isa = PBXBuildFile; fileRef = 10C47071242FD9F400990F95 /* MealTableViewCell.swift */; };
		10C47074242FDD0900990F95 /* MealTableViewController.swift in Sources */ = {isa = PBXBuildFile; fileRef = 10C47073242FDD0900990F95 /* MealTableViewController.swift */; };
/* End PBXBuildFile section */

/* Begin PBXContainerItemProxy section */
		10C4705D242F78A800990F95 /* PBXContainerItemProxy */ = {
			isa = PBXContainerItemProxy;
			containerPortal = 10C4703E242F78A600990F95 /* Project object */;
			proxyType = 1;
			remoteGlobalIDString = 10C47045242F78A700990F95;
			remoteInfo = FoodTracker;
		};
/* End PBXContainerItemProxy section */

/* Begin PBXFileReference section */
		10C47046242F78A700990F95 /* FoodTracker.app */ = {isa = PBXFileReference; explicitFileType = wrapper.application; includeInIndex = 0; path = FoodTracker.app; sourceTree = BUILT_PRODUCTS_DIR; };
		10C47049242F78A700990F95 /* AppDelegate.swift */ = {isa = PBXFileReference; lastKnownFileType = sourcecode.swift; path = AppDelegate.swift; sourceTree = "<group>"; };
		10C4704B242F78A700990F95 /* SceneDelegate.swift */ = {isa = PBXFileReference; lastKnownFileType = sourcecode.swift; path = SceneDelegate.swift; sourceTree = "<group>"; };
		10C4704D242F78A700990F95 /* MealViewController.swift */ = {isa = PBXFileReference; lastKnownFileType = sourcecode.swift; path = MealViewController.swift; sourceTree = "<group>"; };
		10C47050242F78A700990F95 /* Base */ = {isa = PBXFileReference; lastKnownFileType = file.storyboard; name = Base; path = Base.lproj/Main.storyboard; sourceTree = "<group>"; };
		10C47052242F78A800990F95 /* Assets.xcassets */ = {isa = PBXFileReference; lastKnownFileType = folder.assetcatalog; path = Assets.xcassets; sourceTree = "<group>"; };
		10C47055242F78A800990F95 /* Base */ = {isa = PBXFileReference; lastKnownFileType = file.storyboard; name = Base; path = Base.lproj/LaunchScreen.storyboard; sourceTree = "<group>"; };
		10C47057242F78A800990F95 /* Info.plist */ = {isa = PBXFileReference; lastKnownFileType = text.plist.xml; path = Info.plist; sourceTree = "<group>"; };
		10C4705C242F78A800990F95 /* FoodTrackerTests.xctest */ = {isa = PBXFileReference; explicitFileType = wrapper.cfbundle; includeInIndex = 0; path = FoodTrackerTests.xctest; sourceTree = BUILT_PRODUCTS_DIR; };
		10C47060242F78A800990F95 /* FoodTrackerTests.swift */ = {isa = PBXFileReference; lastKnownFileType = sourcecode.swift; path = FoodTrackerTests.swift; sourceTree = "<group>"; };
		10C47062242F78A800990F95 /* Info.plist */ = {isa = PBXFileReference; lastKnownFileType = text.plist.xml; path = Info.plist; sourceTree = "<group>"; };
		10C4706B242FA57800990F95 /* RatingControl.swift */ = {isa = PBXFileReference; lastKnownFileType = sourcecode.swift; path = RatingControl.swift; sourceTree = "<group>"; };
		10C4706D242FD19000990F95 /* Meal.swift */ = {isa = PBXFileReference; lastKnownFileType = sourcecode.swift; path = Meal.swift; sourceTree = "<group>"; };
		10C47071242FD9F400990F95 /* MealTableViewCell.swift */ = {isa = PBXFileReference; lastKnownFileType = sourcecode.swift; path = MealTableViewCell.swift; sourceTree = "<group>"; };
		10C47073242FDD0900990F95 /* MealTableViewController.swift */ = {isa = PBXFileReference; lastKnownFileType = sourcecode.swift; path = MealTableViewController.swift; sourceTree = "<group>"; };
/* End PBXFileReference section */

/* Begin PBXFrameworksBuildPhase section */
		10C47043242F78A700990F95 /* Frameworks */ = {
			isa = PBXFrameworksBuildPhase;
			buildActionMask = 2147483647;
			files = (
			);
			runOnlyForDeploymentPostprocessing = 0;
		};
		10C47059242F78A800990F95 /* Frameworks */ = {
			isa = PBXFrameworksBuildPhase;
			buildActionMask = 2147483647;
			files = (
			);
			runOnlyForDeploymentPostprocessing = 0;
		};
/* End PBXFrameworksBuildPhase section */

/* Begin PBXGroup section */
		10C4703D242F78A600990F95 = {
			isa = PBXGroup;
			children = (
				10C47048242F78A700990F95 /* FoodTracker */,
				10C4705F242F78A800990F95 /* FoodTrackerTests */,
				10C47047242F78A700990F95 /* Products */,
			);
			sourceTree = "<group>";
		};
		10C47047242F78A700990F95 /* Products */ = {
			isa = PBXGroup;
			children = (
				10C47046242F78A700990F95 /* FoodTracker.app */,
				10C4705C242F78A800990F95 /* FoodTrackerTests.xctest */,
			);
			name = Products;
			sourceTree = "<group>";
		};
		10C47048242F78A700990F95 /* FoodTracker */ = {
			isa = PBXGroup;
			children = (
				10C47049242F78A700990F95 /* AppDelegate.swift */,
				10C4704B242F78A700990F95 /* SceneDelegate.swift */,
				10C4704F242F78A700990F95 /* Main.storyboard */,
				10C4704D242F78A700990F95 /* MealViewController.swift */,
				10C47073242FDD0900990F95 /* MealTableViewController.swift */,
				10C47071242FD9F400990F95 /* MealTableViewCell.swift */,
				10C4706D242FD19000990F95 /* Meal.swift */,
				10C4706B242FA57800990F95 /* RatingControl.swift */,
				10C47052242F78A800990F95 /* Assets.xcassets */,
				10C47054242F78A800990F95 /* LaunchScreen.storyboard */,
				10C47057242F78A800990F95 /* Info.plist */,
			);
			path = FoodTracker;
			sourceTree = "<group>";
		};
		10C4705F242F78A800990F95 /* FoodTrackerTests */ = {
			isa = PBXGroup;
			children = (
				10C47060242F78A800990F95 /* FoodTrackerTests.swift */,
				10C47062242F78A800990F95 /* Info.plist */,
			);
			path = FoodTrackerTests;
			sourceTree = "<group>";
		};
/* End PBXGroup section */

/* Begin PBXNativeTarget section */
		10C47045242F78A700990F95 /* FoodTracker */ = {
			isa = PBXNativeTarget;
			buildConfigurationList = 10C47065242F78A800990F95 /* Build configuration list for PBXNativeTarget "FoodTracker" */;
			buildPhases = (
				10C47042242F78A700990F95 /* Sources */,
				10C47043242F78A700990F95 /* Frameworks */,
				10C47044242F78A700990F95 /* Resources */,
			);
			buildRules = (
			);
			dependencies = (
			);
			name = FoodTracker;
			productName = FoodTracker;
			productReference = 10C47046242F78A700990F95 /* FoodTracker.app */;
			productType = "com.apple.product-type.application";
		};
		10C4705B242F78A800990F95 /* FoodTrackerTests */ = {
			isa = PBXNativeTarget;
			buildConfigurationList = 10C47068242F78A800990F95 /* Build configuration list for PBXNativeTarget "FoodTrackerTests" */;
			buildPhases = (
				10C47058242F78A800990F95 /* Sources */,
				10C47059242F78A800990F95 /* Frameworks */,
				10C4705A242F78A800990F95 /* Resources */,
			);
			buildRules = (
			);
			dependencies = (
				10C4705E242F78A800990F95 /* PBXTargetDependency */,
			);
			name = FoodTrackerTests;
			productName = FoodTrackerTests;
			productReference = 10C4705C242F78A800990F95 /* FoodTrackerTests.xctest */;
			productType = "com.apple.product-type.bundle.unit-test";
		};
/* End PBXNativeTarget section */

/* Begin PBXProject section */
		10C4703E242F78A600990F95 /* Project object */ = {
			isa = PBXProject;
			attributes = {
				LastSwiftUpdateCheck = 1130;
				LastUpgradeCheck = 1130;
				ORGANIZATIONNAME = "Anish Kochhar";
				TargetAttributes = {
					10C47045242F78A700990F95 = {
						CreatedOnToolsVersion = 11.3.1;
					};
					10C4705B242F78A800990F95 = {
						CreatedOnToolsVersion = 11.3.1;
						TestTargetID = 10C47045242F78A700990F95;
					};
				};
			};
			buildConfigurationList = 10C47041242F78A600990F95 /* Build configuration list for PBXProject "FoodTracker" */;
			compatibilityVersion = "Xcode 9.3";
			developmentRegion = en;
			hasScannedForEncodings = 0;
			knownRegions = (
				en,
				Base,
			);
			mainGroup = 10C4703D242F78A600990F95;
			productRefGroup = 10C47047242F78A700990F95 /* Products */;
			projectDirPath = "";
			projectRoot = "";
			targets = (
				10C47045242F78A700990F95 /* FoodTracker */,
				10C4705B242F78A800990F95 /* FoodTrackerTests */,
			);
		};
/* End PBXProject section */

/* Begin PBXResourcesBuildPhase section */
		10C47044242F78A700990F95 /* Resources */ = {
			isa = PBXResourcesBuildPhase;
			buildActionMask = 2147483647;
			files = (
				10C47056242F78A800990F95 /* LaunchScreen.storyboard in Resources */,
				10C47053242F78A800990F95 /* Assets.xcassets in Resources */,
				10C47051242F78A700990F95 /* Main.storyboard in Resources */,
			);
			runOnlyForDeploymentPostprocessing = 0;
		};
		10C4705A242F78A800990F95 /* Resources */ = {
			isa = PBXResourcesBuildPhase;
			buildActionMask = 2147483647;
			files = (
			);
			runOnlyForDeploymentPostprocessing = 0;
		};
/* End PBXResourcesBuildPhase section */

/* Begin PBXSourcesBuildPhase section */
		10C47042242F78A700990F95 /* Sources */ = {
			isa = PBXSourcesBuildPhase;
			buildActionMask = 2147483647;
			files = (
				10C4706E242FD19000990F95 /* Meal.swift in Sources */,
				10C4706C242FA57800990F95 /* RatingControl.swift in Sources */,
				10C47074242FDD0900990F95 /* MealTableViewController.swift in Sources */,
				10C47072242FD9F500990F95 /* MealTableViewCell.swift in Sources */,
				10C4704E242F78A700990F95 /* MealViewController.swift in Sources */,
				10C4704A242F78A700990F95 /* AppDelegate.swift in Sources */,
				10C4704C242F78A700990F95 /* SceneDelegate.swift in Sources */,
			);
			runOnlyForDeploymentPostprocessing = 0;
		};
		10C47058242F78A800990F95 /* Sources */ = {
			isa = PBXSourcesBuildPhase;
			buildActionMask = 2147483647;
			files = (
				10C47061242F78A800990F95 /* FoodTrackerTests.swift in Sources */,
			);
			runOnlyForDeploymentPostprocessing = 0;
		};
/* End PBXSourcesBuildPhase section */

/* Begin PBXTargetDependency section */
		10C4705E242F78A800990F95 /* PBXTargetDependency */ = {
			isa = PBXTargetDependency;
			target = 10C47045242F78A700990F95 /* FoodTracker */;
			targetProxy = 10C4705D242F78A800990F95 /* PBXContainerItemProxy */;
		};
/* End PBXTargetDependency section */

/* Begin PBXVariantGroup section */
		10C4704F242F78A700990F95 /* Main.storyboard */ = {
			isa = PBXVariantGroup;
			children = (
				10C47050242F78A700990F95 /* Base */,
			);
			name = Main.storyboard;
			sourceTree = "<group>";
		};
		10C47054242F78A800990F95 /* LaunchScreen.storyboard */ = {
			isa = PBXVariantGroup;
			children = (
				10C47055242F78A800990F95 /* Base */,
			);
			name = LaunchScreen.storyboard;
			sourceTree = "<group>";
		};
/* End PBXVariantGroup section */

/* Begin XCBuildConfiguration section */
		10C47063242F78A800990F95 /* Debug */ = {
			isa = XCBuildConfiguration;
			buildSettings = {
				ALWAYS_SEARCH_USER_PATHS = NO;
				CLANG_ANALYZER_NONNULL = YES;
				CLANG_ANALYZER_NUMBER_OBJECT_CONVERSION = YES_AGGRESSIVE;
				CLANG_CXX_LANGUAGE_STANDARD = "gnu++14";
				CLANG_CXX_LIBRARY = "libc++";
				CLANG_ENABLE_MODULES = YES;
				CLANG_ENABLE_OBJC_ARC = YES;
				CLANG_ENABLE_OBJC_WEAK = YES;
				CLANG_WARN_BLOCK_CAPTURE_AUTORELEASING = YES;
				CLANG_WARN_BOOL_CONVERSION = YES;
				CLANG_WARN_COMMA = YES;
				CLANG_WARN_CONSTANT_CONVERSION = YES;
				CLANG_WARN_DEPRECATED_OBJC_IMPLEMENTATIONS = YES;
				CLANG_WARN_DIRECT_OBJC_ISA_USAGE = YES_ERROR;
				CLANG_WARN_DOCUMENTATION_COMMENTS = YES;
				CLANG_WARN_EMPTY_BODY = YES;
				CLANG_WARN_ENUM_CONVERSION = YES;
				CLANG_WARN_INFINITE_RECURSION = YES;
				CLANG_WARN_INT_CONVERSION = YES;
				CLANG_WARN_NON_LITERAL_NULL_CONVERSION = YES;
				CLANG_WARN_OBJC_IMPLICIT_RETAIN_SELF = YES;
				CLANG_WARN_OBJC_LITERAL_CONVERSION = YES;
				CLANG_WARN_OBJC_ROOT_CLASS = YES_ERROR;
				CLANG_WARN_RANGE_LOOP_ANALYSIS = YES;
				CLANG_WARN_STRICT_PROTOTYPES = YES;
				CLANG_WARN_SUSPICIOUS_MOVE = YES;
				CLANG_WARN_UNGUARDED_AVAILABILITY = YES_AGGRESSIVE;
				CLANG_WARN_UNREACHABLE_CODE = YES;
				CLANG_WARN__DUPLICATE_METHOD_MATCH = YES;
				COPY_PHASE_STRIP = NO;
				DEBUG_INFORMATION_FORMAT = dwarf;
				ENABLE_STRICT_OBJC_MSGSEND = YES;
				ENABLE_TESTABILITY = YES;
				GCC_C_LANGUAGE_STANDARD = gnu11;
				GCC_DYNAMIC_NO_PIC = NO;
				GCC_NO_COMMON_BLOCKS = YES;
				GCC_OPTIMIZATION_LEVEL = 0;
				GCC_PREPROCESSOR_DEFINITIONS = (
					"DEBUG=1",
					"$(inherited)",
				);
				GCC_WARN_64_TO_32_BIT_CONVERSION = YES;
				GCC_WARN_ABOUT_RETURN_TYPE = YES_ERROR;
				GCC_WARN_UNDECLARED_SELECTOR = YES;
				GCC_WARN_UNINITIALIZED_AUTOS = YES_AGGRESSIVE;
				GCC_WARN_UNUSED_FUNCTION = YES;
				GCC_WARN_UNUSED_VARIABLE = YES;
				IPHONEOS_DEPLOYMENT_TARGET = 13.2;
				MTL_ENABLE_DEBUG_INFO = INCLUDE_SOURCE;
				MTL_FAST_MATH = YES;
				ONLY_ACTIVE_ARCH = YES;
				SDKROOT = iphoneos;
				SWIFT_ACTIVE_COMPILATION_CONDITIONS = DEBUG;
				SWIFT_OPTIMIZATION_LEVEL = "-Onone";
			};
			name = Debug;
		};
		10C47064242F78A800990F95 /* Release */ = {
			isa = XCBuildConfiguration;
			buildSettings = {
				ALWAYS_SEARCH_USER_PATHS = NO;
				CLANG_ANALYZER_NONNULL = YES;
				CLANG_ANALYZER_NUMBER_OBJECT_CONVERSION = YES_AGGRESSIVE;
				CLANG_CXX_LANGUAGE_STANDARD = "gnu++14";
				CLANG_CXX_LIBRARY = "libc++";
				CLANG_ENABLE_MODULES = YES;
				CLANG_ENABLE_OBJC_ARC = YES;
				CLANG_ENABLE_OBJC_WEAK = YES;
				CLANG_WARN_BLOCK_CAPTURE_AUTORELEASING = YES;
				CLANG_WARN_BOOL_CONVERSION = YES;
				CLANG_WARN_COMMA = YES;
				CLANG_WARN_CONSTANT_CONVERSION = YES;
				CLANG_WARN_DEPRECATED_OBJC_IMPLEMENTATIONS = YES;
				CLANG_WARN_DIRECT_OBJC_ISA_USAGE = YES_ERROR;
				CLANG_WARN_DOCUMENTATION_COMMENTS = YES;
				CLANG_WARN_EMPTY_BODY = YES;
				CLANG_WARN_ENUM_CONVERSION = YES;
				CLANG_WARN_INFINITE_RECURSION = YES;
				CLANG_WARN_INT_CONVERSION = YES;
				CLANG_WARN_NON_LITERAL_NULL_CONVERSION = YES;
				CLANG_WARN_OBJC_IMPLICIT_RETAIN_SELF = YES;
				CLANG_WARN_OBJC_LITERAL_CONVERSION = YES;
				CLANG_WARN_OBJC_ROOT_CLASS = YES_ERROR;
				CLANG_WARN_RANGE_LOOP_ANALYSIS = YES;
				CLANG_WARN_STRICT_PROTOTYPES = YES;
				CLANG_WARN_SUSPICIOUS_MOVE = YES;
				CLANG_WARN_UNGUARDED_AVAILABILITY = YES_AGGRESSIVE;
				CLANG_WARN_UNREACHABLE_CODE = YES;
				CLANG_WARN__DUPLICATE_METHOD_MATCH = YES;
				COPY_PHASE_STRIP = NO;
				DEBUG_INFORMATION_FORMAT = "dwarf-with-dsym";
				ENABLE_NS_ASSERTIONS = NO;
				ENABLE_STRICT_OBJC_MSGSEND = YES;
				GCC_C_LANGUAGE_STANDARD = gnu11;
				GCC_NO_COMMON_BLOCKS = YES;
				GCC_WARN_64_TO_32_BIT_CONVERSION = YES;
				GCC_WARN_ABOUT_RETURN_TYPE = YES_ERROR;
				GCC_WARN_UNDECLARED_SELECTOR = YES;
				GCC_WARN_UNINITIALIZED_AUTOS = YES_AGGRESSIVE;
				GCC_WARN_UNUSED_FUNCTION = YES;
				GCC_WARN_UNUSED_VARIABLE = YES;
				IPHONEOS_DEPLOYMENT_TARGET = 13.2;
				MTL_ENABLE_DEBUG_INFO = NO;
				MTL_FAST_MATH = YES;
				SDKROOT = iphoneos;
				SWIFT_COMPILATION_MODE = wholemodule;
				SWIFT_OPTIMIZATION_LEVEL = "-O";
				VALIDATE_PRODUCT = YES;
			};
			name = Release;
		};
		10C47066242F78A800990F95 /* Debug */ = {
			isa = XCBuildConfiguration;
			buildSettings = {
				ASSETCATALOG_COMPILER_APPICON_NAME = AppIcon;
				CODE_SIGN_STYLE = Automatic;
				DEVELOPMENT_TEAM = 6XVCDPNNV3;
				INFOPLIST_FILE = FoodTracker/Info.plist;
				LD_RUNPATH_SEARCH_PATHS = (
					"$(inherited)",
					"@executable_path/Frameworks",
				);
				PRODUCT_BUNDLE_IDENTIFIER = com.example.FoodTracker.anish;
				PRODUCT_NAME = "$(TARGET_NAME)";
				SWIFT_VERSION = 5.0;
				TARGETED_DEVICE_FAMILY = "1,2";
			};
			name = Debug;
		};
		10C47067242F78A800990F95 /* Release */ = {
			isa = XCBuildConfiguration;
			buildSettings = {
				ASSETCATALOG_COMPILER_APPICON_NAME = AppIcon;
				CODE_SIGN_STYLE = Automatic;
				DEVELOPMENT_TEAM = 6XVCDPNNV3;
				INFOPLIST_FILE = FoodTracker/Info.plist;
				LD_RUNPATH_SEARCH_PATHS = (
					"$(inherited)",
					"@executable_path/Frameworks",
				);
				PRODUCT_BUNDLE_IDENTIFIER = com.example.FoodTracker.anish;
				PRODUCT_NAME = "$(TARGET_NAME)";
				SWIFT_VERSION = 5.0;
				TARGETED_DEVICE_FAMILY = "1,2";
			};
			name = Release;
		};
		10C47069242F78A800990F95 /* Debug */ = {
			isa = XCBuildConfiguration;
			buildSettings = {
				ALWAYS_EMBED_SWIFT_STANDARD_LIBRARIES = YES;
				BUNDLE_LOADER = "$(TEST_HOST)";
				CODE_SIGN_STYLE = Automatic;
				DEVELOPMENT_TEAM = 6XVCDPNNV3;
				INFOPLIST_FILE = FoodTrackerTests/Info.plist;
				IPHONEOS_DEPLOYMENT_TARGET = 13.2;
				LD_RUNPATH_SEARCH_PATHS = (
					"$(inherited)",
					"@executable_path/Frameworks",
					"@loader_path/Frameworks",
				);
				PRODUCT_BUNDLE_IDENTIFIER = com.example.FoodTrackerTests;
				PRODUCT_NAME = "$(TARGET_NAME)";
				SWIFT_VERSION = 5.0;
				TARGETED_DEVICE_FAMILY = "1,2";
				TEST_HOST = "$(BUILT_PRODUCTS_DIR)/FoodTracker.app/FoodTracker";
			};
			name = Debug;
		};
		10C4706A242F78A800990F95 /* Release */ = {
			isa = XCBuildConfiguration;
			buildSettings = {
				ALWAYS_EMBED_SWIFT_STANDARD_LIBRARIES = YES;
				BUNDLE_LOADER = "$(TEST_HOST)";
				CODE_SIGN_STYLE = Automatic;
				DEVELOPMENT_TEAM = 6XVCDPNNV3;
				INFOPLIST_FILE = FoodTrackerTests/Info.plist;
				IPHONEOS_DEPLOYMENT_TARGET = 13.2;
				LD_RUNPATH_SEARCH_PATHS = (
					"$(inherited)",
					"@executable_path/Frameworks",
					"@loader_path/Frameworks",
				);
				PRODUCT_BUNDLE_IDENTIFIER = com.example.FoodTrackerTests;
				PRODUCT_NAME = "$(TARGET_NAME)";
				SWIFT_VERSION = 5.0;
				TARGETED_DEVICE_FAMILY = "1,2";
				TEST_HOST = "$(BUILT_PRODUCTS_DIR)/FoodTracker.app/FoodTracker";
			};
			name = Release;
		};
/* End XCBuildConfiguration section */

/* Begin XCConfigurationList section */
		10C47041242F78A600990F95 /* Build configuration list for PBXProject "FoodTracker" */ = {
			isa = XCConfigurationList;
			buildConfigurations = (
				10C47063242F78A800990F95 /* Debug */,
				10C47064242F78A800990F95 /* Release */,
			);
			defaultConfigurationIsVisible = 0;
			defaultConfigurationName = Release;
		};
		10C47065242F78A800990F95 /* Build configuration list for PBXNativeTarget "FoodTracker" */ = {
			isa = XCConfigurationList;
			buildConfigurations = (
				10C47066242F78A800990F95 /* Debug */,
				10C47067242F78A800990F95 /* Release */,
			);
			defaultConfigurationIsVisible = 0;
			defaultConfigurationName = Release;
		};
		10C47068242F78A800990F95 /* Build configuration list for PBXNativeTarget "FoodTrackerTests" */ = {
			isa = XCConfigurationList;
			buildConfigurations = (
				10C47069242F78A800990F95 /* Debug */,
				10C4706A242F78A800990F95 /* Release */,
			);
			defaultConfigurationIsVisible = 0;
			defaultConfigurationName = Release;
		};
/* End XCConfigurationList section */
	};
	rootObject = 10C4703E242F78A600990F95 /* Project object */;
}
