// !$*UTF8*$!
{
	archiveVersion = 1;
	classes = {
	};
	objectVersion = 50;
	objects = {

/* Begin PBXBuildFile section */
		109960F424290732003A3185 /* gameOver.caf in Resources */ = {isa = PBXBuildFile; fileRef = 109960F324290695003A3185 /* gameOver.caf */; };
		10AB3E4524277AB90013E116 /* AppDelegate.swift in Sources */ = {isa = PBXBuildFile; fileRef = 10AB3E4424277AB90013E116 /* AppDelegate.swift */; };
		10AB3E4724277AB90013E116 /* GameScene.sks in Resources */ = {isa = PBXBuildFile; fileRef = 10AB3E4624277AB90013E116 /* GameScene.sks */; };
		10AB3E4B24277AB90013E116 /* GameScene.swift in Sources */ = {isa = PBXBuildFile; fileRef = 10AB3E4A24277AB90013E116 /* GameScene.swift */; };
		10AB3E4D24277AB90013E116 /* GameViewController.swift in Sources */ = {isa = PBXBuildFile; fileRef = 10AB3E4C24277AB90013E116 /* GameViewController.swift */; };
		10AB3E5024277AB90013E116 /* Main.storyboard in Resources */ = {isa = PBXBuildFile; fileRef = 10AB3E4E24277AB90013E116 /* Main.storyboard */; };
		10AB3E5224277ABB0013E116 /* Assets.xcassets in Resources */ = {isa = PBXBuildFile; fileRef = 10AB3E5124277ABB0013E116 /* Assets.xcassets */; };
		10AB3E5524277ABB0013E116 /* LaunchScreen.storyboard in Resources */ = {isa = PBXBuildFile; fileRef = 10AB3E5324277ABB0013E116 /* LaunchScreen.storyboard */; };
		10AB3E5E24277D260013E116 /* whackBad.caf in Resources */ = {isa = PBXBuildFile; fileRef = 10AB3E5C24277D260013E116 /* whackBad.caf */; };
		10AB3E5F24277D260013E116 /* whack.caf in Resources */ = {isa = PBXBuildFile; fileRef = 10AB3E5D24277D260013E116 /* whack.caf */; };
		10AB3E6124277FE50013E116 /* WhackSlot.swift in Sources */ = {isa = PBXBuildFile; fileRef = 10AB3E6024277FE50013E116 /* WhackSlot.swift */; };
/* End PBXBuildFile section */

/* Begin PBXFileReference section */
		109960F324290695003A3185 /* gameOver.caf */ = {isa = PBXFileReference; lastKnownFileType = file; path = gameOver.caf; sourceTree = "<group>"; };
		10AB3E4124277AB90013E116 /* Project14.app */ = {isa = PBXFileReference; explicitFileType = wrapper.application; includeInIndex = 0; path = Project14.app; sourceTree = BUILT_PRODUCTS_DIR; };
		10AB3E4424277AB90013E116 /* AppDelegate.swift */ = {isa = PBXFileReference; lastKnownFileType = sourcecode.swift; path = AppDelegate.swift; sourceTree = "<group>"; };
		10AB3E4624277AB90013E116 /* GameScene.sks */ = {isa = PBXFileReference; lastKnownFileType = file.sks; path = GameScene.sks; sourceTree = "<group>"; };
		10AB3E4A24277AB90013E116 /* GameScene.swift */ = {isa = PBXFileReference; lastKnownFileType = sourcecode.swift; path = GameScene.swift; sourceTree = "<group>"; };
		10AB3E4C24277AB90013E116 /* GameViewController.swift */ = {isa = PBXFileReference; lastKnownFileType = sourcecode.swift; path = GameViewController.swift; sourceTree = "<group>"; };
		10AB3E4F24277AB90013E116 /* Base */ = {isa = PBXFileReference; lastKnownFileType = file.storyboard; name = Base; path = Base.lproj/Main.storyboard; sourceTree = "<group>"; };
		10AB3E5124277ABB0013E116 /* Assets.xcassets */ = {isa = PBXFileReference; lastKnownFileType = folder.assetcatalog; path = Assets.xcassets; sourceTree = "<group>"; };
		10AB3E5424277ABB0013E116 /* Base */ = {isa = PBXFileReference; lastKnownFileType = file.storyboard; name = Base; path = Base.lproj/LaunchScreen.storyboard; sourceTree = "<group>"; };
		10AB3E5624277ABB0013E116 /* Info.plist */ = {isa = PBXFileReference; lastKnownFileType = text.plist.xml; path = Info.plist; sourceTree = "<group>"; };
		10AB3E5C24277D260013E116 /* whackBad.caf */ = {isa = PBXFileReference; lastKnownFileType = file; path = whackBad.caf; sourceTree = "<group>"; };
		10AB3E5D24277D260013E116 /* whack.caf */ = {isa = PBXFileReference; lastKnownFileType = file; path = whack.caf; sourceTree = "<group>"; };
		10AB3E6024277FE50013E116 /* WhackSlot.swift */ = {isa = PBXFileReference; lastKnownFileType = sourcecode.swift; path = WhackSlot.swift; sourceTree = "<group>"; };
/* End PBXFileReference section */

/* Begin PBXFrameworksBuildPhase section */
		10AB3E3E24277AB90013E116 /* Frameworks */ = {
			isa = PBXFrameworksBuildPhase;
			buildActionMask = 2147483647;
			files = (
			);
			runOnlyForDeploymentPostprocessing = 0;
		};
/* End PBXFrameworksBuildPhase section */

/* Begin PBXGroup section */
		10AB3E3824277AB90013E116 = {
			isa = PBXGroup;
			children = (
				10AB3E4324277AB90013E116 /* Project14 */,
				10AB3E4224277AB90013E116 /* Products */,
			);
			sourceTree = "<group>";
		};
		10AB3E4224277AB90013E116 /* Products */ = {
			isa = PBXGroup;
			children = (
				10AB3E4124277AB90013E116 /* Project14.app */,
			);
			name = Products;
			sourceTree = "<group>";
		};
		10AB3E4324277AB90013E116 /* Project14 */ = {
			isa = PBXGroup;
			children = (
				10AB3E4424277AB90013E116 /* AppDelegate.swift */,
				10AB3E4624277AB90013E116 /* GameScene.sks */,
				10AB3E4A24277AB90013E116 /* GameScene.swift */,
				10AB3E6024277FE50013E116 /* WhackSlot.swift */,
				10AB3E4C24277AB90013E116 /* GameViewController.swift */,
				10AB3E4E24277AB90013E116 /* Main.storyboard */,
				10AB3E5124277ABB0013E116 /* Assets.xcassets */,
				10AB3E5324277ABB0013E116 /* LaunchScreen.storyboard */,
				10AB3E5624277ABB0013E116 /* Info.plist */,
				10AB3E5D24277D260013E116 /* whack.caf */,
				10AB3E5C24277D260013E116 /* whackBad.caf */,
				109960F324290695003A3185 /* gameOver.caf */,
			);
			path = Project14;
			sourceTree = "<group>";
		};
/* End PBXGroup section */

/* Begin PBXNativeTarget section */
		10AB3E4024277AB90013E116 /* Project14 */ = {
			isa = PBXNativeTarget;
			buildConfigurationList = 10AB3E5924277ABB0013E116 /* Build configuration list for PBXNativeTarget "Project14" */;
			buildPhases = (
				10AB3E3D24277AB90013E116 /* Sources */,
				10AB3E3E24277AB90013E116 /* Frameworks */,
				10AB3E3F24277AB90013E116 /* Resources */,
			);
			buildRules = (
			);
			dependencies = (
			);
			name = Project14;
			productName = Project14;
			productReference = 10AB3E4124277AB90013E116 /* Project14.app */;
			productType = "com.apple.product-type.application";
		};
/* End PBXNativeTarget section */

/* Begin PBXProject section */
		10AB3E3924277AB90013E116 /* Project object */ = {
			isa = PBXProject;
			attributes = {
				LastSwiftUpdateCheck = 1130;
				LastUpgradeCheck = 1130;
				ORGANIZATIONNAME = "Anish Kochhar";
				TargetAttributes = {
					10AB3E4024277AB90013E116 = {
						CreatedOnToolsVersion = 11.3.1;
					};
				};
			};
			buildConfigurationList = 10AB3E3C24277AB90013E116 /* Build configuration list for PBXProject "Project14" */;
			compatibilityVersion = "Xcode 9.3";
			developmentRegion = en;
			hasScannedForEncodings = 0;
			knownRegions = (
				en,
				Base,
			);
			mainGroup = 10AB3E3824277AB90013E116;
			productRefGroup = 10AB3E4224277AB90013E116 /* Products */;
			projectDirPath = "";
			projectRoot = "";
			targets = (
				10AB3E4024277AB90013E116 /* Project14 */,
			);
		};
/* End PBXProject section */

/* Begin PBXResourcesBuildPhase section */
		10AB3E3F24277AB90013E116 /* Resources */ = {
			isa = PBXResourcesBuildPhase;
			buildActionMask = 2147483647;
			files = (
				109960F424290732003A3185 /* gameOver.caf in Resources */,
				10AB3E5E24277D260013E116 /* whackBad.caf in Resources */,
				10AB3E5024277AB90013E116 /* Main.storyboard in Resources */,
				10AB3E4724277AB90013E116 /* GameScene.sks in Resources */,
				10AB3E5224277ABB0013E116 /* Assets.xcassets in Resources */,
				10AB3E5524277ABB0013E116 /* LaunchScreen.storyboard in Resources */,
				10AB3E5F24277D260013E116 /* whack.caf in Resources */,
			);
			runOnlyForDeploymentPostprocessing = 0;
		};
/* End PBXResourcesBuildPhase section */

/* Begin PBXSourcesBuildPhase section */
		10AB3E3D24277AB90013E116 /* Sources */ = {
			isa = PBXSourcesBuildPhase;
			buildActionMask = 2147483647;
			files = (
				10AB3E4B24277AB90013E116 /* GameScene.swift in Sources */,
				10AB3E4D24277AB90013E116 /* GameViewController.swift in Sources */,
				10AB3E6124277FE50013E116 /* WhackSlot.swift in Sources */,
				10AB3E4524277AB90013E116 /* AppDelegate.swift in Sources */,
			);
			runOnlyForDeploymentPostprocessing = 0;
		};
/* End PBXSourcesBuildPhase section */

/* Begin PBXVariantGroup section */
		10AB3E4E24277AB90013E116 /* Main.storyboard */ = {
			isa = PBXVariantGroup;
			children = (
				10AB3E4F24277AB90013E116 /* Base */,
			);
			name = Main.storyboard;
			sourceTree = "<group>";
		};
		10AB3E5324277ABB0013E116 /* LaunchScreen.storyboard */ = {
			isa = PBXVariantGroup;
			children = (
				10AB3E5424277ABB0013E116 /* Base */,
			);
			name = LaunchScreen.storyboard;
			sourceTree = "<group>";
		};
/* End PBXVariantGroup section */

/* Begin XCBuildConfiguration section */
		10AB3E5724277ABB0013E116 /* Debug */ = {
			isa = XCBuildConfiguration;
			buildSettings = {
				ALWAYS_SEARCH_USER_PATHS = NO;
				CLANG_ANALYZER_NONNULL = YES;
				CLANG_ANALYZER_NUMBER_OBJECT_CONVERSION = YES_AGGRESSIVE;
				CLANG_CXX_LANGUAGE_STANDARD = "gnu++14";
				CLANG_CXX_LIBRARY = "libc++";
				CLANG_ENABLE_MODULES = YES;
				CLANG_ENABLE_OBJC_ARC = YES;
				CLANG_ENABLE_OBJC_WEAK = YES;
				CLANG_WARN_BLOCK_CAPTURE_AUTORELEASING = YES;
				CLANG_WARN_BOOL_CONVERSION = YES;
				CLANG_WARN_COMMA = YES;
				CLANG_WARN_CONSTANT_CONVERSION = YES;
				CLANG_WARN_DEPRECATED_OBJC_IMPLEMENTATIONS = YES;
				CLANG_WARN_DIRECT_OBJC_ISA_USAGE = YES_ERROR;
				CLANG_WARN_DOCUMENTATION_COMMENTS = YES;
				CLANG_WARN_EMPTY_BODY = YES;
				CLANG_WARN_ENUM_CONVERSION = YES;
				CLANG_WARN_INFINITE_RECURSION = YES;
				CLANG_WARN_INT_CONVERSION = YES;
				CLANG_WARN_NON_LITERAL_NULL_CONVERSION = YES;
				CLANG_WARN_OBJC_IMPLICIT_RETAIN_SELF = YES;
				CLANG_WARN_OBJC_LITERAL_CONVERSION = YES;
				CLANG_WARN_OBJC_ROOT_CLASS = YES_ERROR;
				CLANG_WARN_RANGE_LOOP_ANALYSIS = YES;
				CLANG_WARN_STRICT_PROTOTYPES = YES;
				CLANG_WARN_SUSPICIOUS_MOVE = YES;
				CLANG_WARN_UNGUARDED_AVAILABILITY = YES_AGGRESSIVE;
				CLANG_WARN_UNREACHABLE_CODE = YES;
				CLANG_WARN__DUPLICATE_METHOD_MATCH = YES;
				COPY_PHASE_STRIP = NO;
				DEBUG_INFORMATION_FORMAT = dwarf;
				ENABLE_STRICT_OBJC_MSGSEND = YES;
				ENABLE_TESTABILITY = YES;
				GCC_C_LANGUAGE_STANDARD = gnu11;
				GCC_DYNAMIC_NO_PIC = NO;
				GCC_NO_COMMON_BLOCKS = YES;
				GCC_OPTIMIZATION_LEVEL = 0;
				GCC_PREPROCESSOR_DEFINITIONS = (
					"DEBUG=1",
					"$(inherited)",
				);
				GCC_WARN_64_TO_32_BIT_CONVERSION = YES;
				GCC_WARN_ABOUT_RETURN_TYPE = YES_ERROR;
				GCC_WARN_UNDECLARED_SELECTOR = YES;
				GCC_WARN_UNINITIALIZED_AUTOS = YES_AGGRESSIVE;
				GCC_WARN_UNUSED_FUNCTION = YES;
				GCC_WARN_UNUSED_VARIABLE = YES;
				IPHONEOS_DEPLOYMENT_TARGET = 13.2;
				MTL_ENABLE_DEBUG_INFO = INCLUDE_SOURCE;
				MTL_FAST_MATH = YES;
				ONLY_ACTIVE_ARCH = YES;
				SDKROOT = iphoneos;
				SWIFT_ACTIVE_COMPILATION_CONDITIONS = DEBUG;
				SWIFT_OPTIMIZATION_LEVEL = "-Onone";
			};
			name = Debug;
		};
		10AB3E5824277ABB0013E116 /* Release */ = {
			isa = XCBuildConfiguration;
			buildSettings = {
				ALWAYS_SEARCH_USER_PATHS = NO;
				CLANG_ANALYZER_NONNULL = YES;
				CLANG_ANALYZER_NUMBER_OBJECT_CONVERSION = YES_AGGRESSIVE;
				CLANG_CXX_LANGUAGE_STANDARD = "gnu++14";
				CLANG_CXX_LIBRARY = "libc++";
				CLANG_ENABLE_MODULES = YES;
				CLANG_ENABLE_OBJC_ARC = YES;
				CLANG_ENABLE_OBJC_WEAK = YES;
				CLANG_WARN_BLOCK_CAPTURE_AUTORELEASING = YES;
				CLANG_WARN_BOOL_CONVERSION = YES;
				CLANG_WARN_COMMA = YES;
				CLANG_WARN_CONSTANT_CONVERSION = YES;
				CLANG_WARN_DEPRECATED_OBJC_IMPLEMENTATIONS = YES;
				CLANG_WARN_DIRECT_OBJC_ISA_USAGE = YES_ERROR;
				CLANG_WARN_DOCUMENTATION_COMMENTS = YES;
				CLANG_WARN_EMPTY_BODY = YES;
				CLANG_WARN_ENUM_CONVERSION = YES;
				CLANG_WARN_INFINITE_RECURSION = YES;
				CLANG_WARN_INT_CONVERSION = YES;
				CLANG_WARN_NON_LITERAL_NULL_CONVERSION = YES;
				CLANG_WARN_OBJC_IMPLICIT_RETAIN_SELF = YES;
				CLANG_WARN_OBJC_LITERAL_CONVERSION = YES;
				CLANG_WARN_OBJC_ROOT_CLASS = YES_ERROR;
				CLANG_WARN_RANGE_LOOP_ANALYSIS = YES;
				CLANG_WARN_STRICT_PROTOTYPES = YES;
				CLANG_WARN_SUSPICIOUS_MOVE = YES;
				CLANG_WARN_UNGUARDED_AVAILABILITY = YES_AGGRESSIVE;
				CLANG_WARN_UNREACHABLE_CODE = YES;
				CLANG_WARN__DUPLICATE_METHOD_MATCH = YES;
				COPY_PHASE_STRIP = NO;
				DEBUG_INFORMATION_FORMAT = "dwarf-with-dsym";
				ENABLE_NS_ASSERTIONS = NO;
				ENABLE_STRICT_OBJC_MSGSEND = YES;
				GCC_C_LANGUAGE_STANDARD = gnu11;
				GCC_NO_COMMON_BLOCKS = YES;
				GCC_WARN_64_TO_32_BIT_CONVERSION = YES;
				GCC_WARN_ABOUT_RETURN_TYPE = YES_ERROR;
				GCC_WARN_UNDECLARED_SELECTOR = YES;
				GCC_WARN_UNINITIALIZED_AUTOS = YES_AGGRESSIVE;
				GCC_WARN_UNUSED_FUNCTION = YES;
				GCC_WARN_UNUSED_VARIABLE = YES;
				IPHONEOS_DEPLOYMENT_TARGET = 13.2;
				MTL_ENABLE_DEBUG_INFO = NO;
				MTL_FAST_MATH = YES;
				SDKROOT = iphoneos;
				SWIFT_COMPILATION_MODE = wholemodule;
				SWIFT_OPTIMIZATION_LEVEL = "-O";
				VALIDATE_PRODUCT = YES;
			};
			name = Release;
		};
		10AB3E5A24277ABB0013E116 /* Debug */ = {
			isa = XCBuildConfiguration;
			buildSettings = {
				ASSETCATALOG_COMPILER_APPICON_NAME = AppIcon;
				CODE_SIGN_STYLE = Automatic;
				DEVELOPMENT_TEAM = 6XVCDPNNV3;
				INFOPLIST_FILE = Project14/Info.plist;
				LD_RUNPATH_SEARCH_PATHS = (
					"$(inherited)",
					"@executable_path/Frameworks",
				);
				PRODUCT_BUNDLE_IDENTIFIER = com.example.Project14.anish;
				PRODUCT_NAME = "$(TARGET_NAME)";
				SWIFT_VERSION = 5.0;
				TARGETED_DEVICE_FAMILY = 2;
			};
			name = Debug;
		};
		10AB3E5B24277ABB0013E116 /* Release */ = {
			isa = XCBuildConfiguration;
			buildSettings = {
				ASSETCATALOG_COMPILER_APPICON_NAME = AppIcon;
				CODE_SIGN_STYLE = Automatic;
				DEVELOPMENT_TEAM = 6XVCDPNNV3;
				INFOPLIST_FILE = Project14/Info.plist;
				LD_RUNPATH_SEARCH_PATHS = (
					"$(inherited)",
					"@executable_path/Frameworks",
				);
				PRODUCT_BUNDLE_IDENTIFIER = com.example.Project14.anish;
				PRODUCT_NAME = "$(TARGET_NAME)";
				SWIFT_VERSION = 5.0;
				TARGETED_DEVICE_FAMILY = 2;
			};
			name = Release;
		};
/* End XCBuildConfiguration section */

/* Begin XCConfigurationList section */
		10AB3E3C24277AB90013E116 /* Build configuration list for PBXProject "Project14" */ = {
			isa = XCConfigurationList;
			buildConfigurations = (
				10AB3E5724277ABB0013E116 /* Debug */,
				10AB3E5824277ABB0013E116 /* Release */,
			);
			defaultConfigurationIsVisible = 0;
			defaultConfigurationName = Release;
		};
		10AB3E5924277ABB0013E116 /* Build configuration list for PBXNativeTarget "Project14" */ = {
			isa = XCConfigurationList;
			buildConfigurations = (
				10AB3E5A24277ABB0013E116 /* Debug */,
				10AB3E5B24277ABB0013E116 /* Release */,
			);
			defaultConfigurationIsVisible = 0;
			defaultConfigurationName = Release;
		};
/* End XCConfigurationList section */
	};
	rootObject = 10AB3E3924277AB90013E116 /* Project object */;
}
