// !$*UTF8*$!
{
	archiveVersion = 1;
	classes = {
	};
	objectVersion = 50;
	objects = {

/* Begin PBXBuildFile section */
		102A6E63241BE3D30019743B /* AppDelegate.swift in Sources */ = {isa = PBXBuildFile; fileRef = 102A6E62241BE3D30019743B /* AppDelegate.swift */; };
		102A6E65241BE3D30019743B /* SceneDelegate.swift in Sources */ = {isa = PBXBuildFile; fileRef = 102A6E64241BE3D30019743B /* SceneDelegate.swift */; };
		102A6E67241BE3D30019743B /* ViewController.swift in Sources */ = {isa = PBXBuildFile; fileRef = 102A6E66241BE3D30019743B /* ViewController.swift */; };
		102A6E6A241BE3D30019743B /* Main.storyboard in Resources */ = {isa = PBXBuildFile; fileRef = 102A6E68241BE3D30019743B /* Main.storyboard */; };
		102A6E6C241BE3D50019743B /* Assets.xcassets in Resources */ = {isa = PBXBuildFile; fileRef = 102A6E6B241BE3D50019743B /* Assets.xcassets */; };
		102A6E6F241BE3D50019743B /* LaunchScreen.storyboard in Resources */ = {isa = PBXBuildFile; fileRef = 102A6E6D241BE3D50019743B /* LaunchScreen.storyboard */; };
/* End PBXBuildFile section */

/* Begin PBXFileReference section */
		102A6E5F241BE3D30019743B /* ProjectTwo.app */ = {isa = PBXFileReference; explicitFileType = wrapper.application; includeInIndex = 0; path = ProjectTwo.app; sourceTree = BUILT_PRODUCTS_DIR; };
		102A6E62241BE3D30019743B /* AppDelegate.swift */ = {isa = PBXFileReference; lastKnownFileType = sourcecode.swift; path = AppDelegate.swift; sourceTree = "<group>"; };
		102A6E64241BE3D30019743B /* SceneDelegate.swift */ = {isa = PBXFileReference; lastKnownFileType = sourcecode.swift; path = SceneDelegate.swift; sourceTree = "<group>"; };
		102A6E66241BE3D30019743B /* ViewController.swift */ = {isa = PBXFileReference; lastKnownFileType = sourcecode.swift; path = ViewController.swift; sourceTree = "<group>"; };
		102A6E69241BE3D30019743B /* Base */ = {isa = PBXFileReference; lastKnownFileType = file.storyboard; name = Base; path = Base.lproj/Main.storyboard; sourceTree = "<group>"; };
		102A6E6B241BE3D50019743B /* Assets.xcassets */ = {isa = PBXFileReference; lastKnownFileType = folder.assetcatalog; path = Assets.xcassets; sourceTree = "<group>"; };
		102A6E6E241BE3D50019743B /* Base */ = {isa = PBXFileReference; lastKnownFileType = file.storyboard; name = Base; path = Base.lproj/LaunchScreen.storyboard; sourceTree = "<group>"; };
		102A6E70241BE3D50019743B /* Info.plist */ = {isa = PBXFileReference; lastKnownFileType = text.plist.xml; path = Info.plist; sourceTree = "<group>"; };
/* End PBXFileReference section */

/* Begin PBXFrameworksBuildPhase section */
		102A6E5C241BE3D30019743B /* Frameworks */ = {
			isa = PBXFrameworksBuildPhase;
			buildActionMask = 2147483647;
			files = (
			);
			runOnlyForDeploymentPostprocessing = 0;
		};
/* End PBXFrameworksBuildPhase section */

/* Begin PBXGroup section */
		102A6E56241BE3D30019743B = {
			isa = PBXGroup;
			children = (
				102A6E61241BE3D30019743B /* ProjectTwo */,
				102A6E60241BE3D30019743B /* Products */,
			);
			sourceTree = "<group>";
		};
		102A6E60241BE3D30019743B /* Products */ = {
			isa = PBXGroup;
			children = (
				102A6E5F241BE3D30019743B /* ProjectTwo.app */,
			);
			name = Products;
			sourceTree = "<group>";
		};
		102A6E61241BE3D30019743B /* ProjectTwo */ = {
			isa = PBXGroup;
			children = (
				102A6E62241BE3D30019743B /* AppDelegate.swift */,
				102A6E64241BE3D30019743B /* SceneDelegate.swift */,
				102A6E66241BE3D30019743B /* ViewController.swift */,
				102A6E68241BE3D30019743B /* Main.storyboard */,
				102A6E6B241BE3D50019743B /* Assets.xcassets */,
				102A6E6D241BE3D50019743B /* LaunchScreen.storyboard */,
				102A6E70241BE3D50019743B /* Info.plist */,
			);
			path = ProjectTwo;
			sourceTree = "<group>";
		};
/* End PBXGroup section */

/* Begin PBXNativeTarget section */
		102A6E5E241BE3D30019743B /* ProjectTwo */ = {
			isa = PBXNativeTarget;
			buildConfigurationList = 102A6E73241BE3D50019743B /* Build configuration list for PBXNativeTarget "ProjectTwo" */;
			buildPhases = (
				102A6E5B241BE3D30019743B /* Sources */,
				102A6E5C241BE3D30019743B /* Frameworks */,
				102A6E5D241BE3D30019743B /* Resources */,
			);
			buildRules = (
			);
			dependencies = (
			);
			name = ProjectTwo;
			productName = ProjectTwo;
			productReference = 102A6E5F241BE3D30019743B /* ProjectTwo.app */;
			productType = "com.apple.product-type.application";
		};
/* End PBXNativeTarget section */

/* Begin PBXProject section */
		102A6E57241BE3D30019743B /* Project object */ = {
			isa = PBXProject;
			attributes = {
				LastSwiftUpdateCheck = 1130;
				LastUpgradeCheck = 1130;
				ORGANIZATIONNAME = "Anish Kochhar";
				TargetAttributes = {
					102A6E5E241BE3D30019743B = {
						CreatedOnToolsVersion = 11.3.1;
					};
				};
			};
			buildConfigurationList = 102A6E5A241BE3D30019743B /* Build configuration list for PBXProject "ProjectTwo" */;
			compatibilityVersion = "Xcode 9.3";
			developmentRegion = en;
			hasScannedForEncodings = 0;
			knownRegions = (
				en,
				Base,
			);
			mainGroup = 102A6E56241BE3D30019743B;
			productRefGroup = 102A6E60241BE3D30019743B /* Products */;
			projectDirPath = "";
			projectRoot = "";
			targets = (
				102A6E5E241BE3D30019743B /* ProjectTwo */,
			);
		};
/* End PBXProject section */

/* Begin PBXResourcesBuildPhase section */
		102A6E5D241BE3D30019743B /* Resources */ = {
			isa = PBXResourcesBuildPhase;
			buildActionMask = 2147483647;
			files = (
				102A6E6F241BE3D50019743B /* LaunchScreen.storyboard in Resources */,
				102A6E6C241BE3D50019743B /* Assets.xcassets in Resources */,
				102A6E6A241BE3D30019743B /* Main.storyboard in Resources */,
			);
			runOnlyForDeploymentPostprocessing = 0;
		};
/* End PBXResourcesBuildPhase section */

/* Begin PBXSourcesBuildPhase section */
		102A6E5B241BE3D30019743B /* Sources */ = {
			isa = PBXSourcesBuildPhase;
			buildActionMask = 2147483647;
			files = (
				102A6E67241BE3D30019743B /* ViewController.swift in Sources */,
				102A6E63241BE3D30019743B /* AppDelegate.swift in Sources */,
				102A6E65241BE3D30019743B /* SceneDelegate.swift in Sources */,
			);
			runOnlyForDeploymentPostprocessing = 0;
		};
/* End PBXSourcesBuildPhase section */

/* Begin PBXVariantGroup section */
		102A6E68241BE3D30019743B /* Main.storyboard */ = {
			isa = PBXVariantGroup;
			children = (
				102A6E69241BE3D30019743B /* Base */,
			);
			name = Main.storyboard;
			sourceTree = "<group>";
		};
		102A6E6D241BE3D50019743B /* LaunchScreen.storyboard */ = {
			isa = PBXVariantGroup;
			children = (
				102A6E6E241BE3D50019743B /* Base */,
			);
			name = LaunchScreen.storyboard;
			sourceTree = "<group>";
		};
/* End PBXVariantGroup section */

/* Begin XCBuildConfiguration section */
		102A6E71241BE3D50019743B /* Debug */ = {
			isa = XCBuildConfiguration;
			buildSettings = {
				ALWAYS_SEARCH_USER_PATHS = NO;
				CLANG_ANALYZER_NONNULL = YES;
				CLANG_ANALYZER_NUMBER_OBJECT_CONVERSION = YES_AGGRESSIVE;
				CLANG_CXX_LANGUAGE_STANDARD = "gnu++14";
				CLANG_CXX_LIBRARY = "libc++";
				CLANG_ENABLE_MODULES = YES;
				CLANG_ENABLE_OBJC_ARC = YES;
				CLANG_ENABLE_OBJC_WEAK = YES;
				CLANG_WARN_BLOCK_CAPTURE_AUTORELEASING = YES;
				CLANG_WARN_BOOL_CONVERSION = YES;
				CLANG_WARN_COMMA = YES;
				CLANG_WARN_CONSTANT_CONVERSION = YES;
				CLANG_WARN_DEPRECATED_OBJC_IMPLEMENTATIONS = YES;
				CLANG_WARN_DIRECT_OBJC_ISA_USAGE = YES_ERROR;
				CLANG_WARN_DOCUMENTATION_COMMENTS = YES;
				CLANG_WARN_EMPTY_BODY = YES;
				CLANG_WARN_ENUM_CONVERSION = YES;
				CLANG_WARN_INFINITE_RECURSION = YES;
				CLANG_WARN_INT_CONVERSION = YES;
				CLANG_WARN_NON_LITERAL_NULL_CONVERSION = YES;
				CLANG_WARN_OBJC_IMPLICIT_RETAIN_SELF = YES;
				CLANG_WARN_OBJC_LITERAL_CONVERSION = YES;
				CLANG_WARN_OBJC_ROOT_CLASS = YES_ERROR;
				CLANG_WARN_RANGE_LOOP_ANALYSIS = YES;
				CLANG_WARN_STRICT_PROTOTYPES = YES;
				CLANG_WARN_SUSPICIOUS_MOVE = YES;
				CLANG_WARN_UNGUARDED_AVAILABILITY = YES_AGGRESSIVE;
				CLANG_WARN_UNREACHABLE_CODE = YES;
				CLANG_WARN__DUPLICATE_METHOD_MATCH = YES;
				COPY_PHASE_STRIP = NO;
				DEBUG_INFORMATION_FORMAT = dwarf;
				ENABLE_STRICT_OBJC_MSGSEND = YES;
				ENABLE_TESTABILITY = YES;
				GCC_C_LANGUAGE_STANDARD = gnu11;
				GCC_DYNAMIC_NO_PIC = NO;
				GCC_NO_COMMON_BLOCKS = YES;
				GCC_OPTIMIZATION_LEVEL = 0;
				GCC_PREPROCESSOR_DEFINITIONS = (
					"DEBUG=1",
					"$(inherited)",
				);
				GCC_WARN_64_TO_32_BIT_CONVERSION = YES;
				GCC_WARN_ABOUT_RETURN_TYPE = YES_ERROR;
				GCC_WARN_UNDECLARED_SELECTOR = YES;
				GCC_WARN_UNINITIALIZED_AUTOS = YES_AGGRESSIVE;
				GCC_WARN_UNUSED_FUNCTION = YES;
				GCC_WARN_UNUSED_VARIABLE = YES;
				IPHONEOS_DEPLOYMENT_TARGET = 13.2;
				MTL_ENABLE_DEBUG_INFO = INCLUDE_SOURCE;
				MTL_FAST_MATH = YES;
				ONLY_ACTIVE_ARCH = YES;
				SDKROOT = iphoneos;
				SWIFT_ACTIVE_COMPILATION_CONDITIONS = DEBUG;
				SWIFT_OPTIMIZATION_LEVEL = "-Onone";
			};
			name = Debug;
		};
		102A6E72241BE3D50019743B /* Release */ = {
			isa = XCBuildConfiguration;
			buildSettings = {
				ALWAYS_SEARCH_USER_PATHS = NO;
				CLANG_ANALYZER_NONNULL = YES;
				CLANG_ANALYZER_NUMBER_OBJECT_CONVERSION = YES_AGGRESSIVE;
				CLANG_CXX_LANGUAGE_STANDARD = "gnu++14";
				CLANG_CXX_LIBRARY = "libc++";
				CLANG_ENABLE_MODULES = YES;
				CLANG_ENABLE_OBJC_ARC = YES;
				CLANG_ENABLE_OBJC_WEAK = YES;
				CLANG_WARN_BLOCK_CAPTURE_AUTORELEASING = YES;
				CLANG_WARN_BOOL_CONVERSION = YES;
				CLANG_WARN_COMMA = YES;
				CLANG_WARN_CONSTANT_CONVERSION = YES;
				CLANG_WARN_DEPRECATED_OBJC_IMPLEMENTATIONS = YES;
				CLANG_WARN_DIRECT_OBJC_ISA_USAGE = YES_ERROR;
				CLANG_WARN_DOCUMENTATION_COMMENTS = YES;
				CLANG_WARN_EMPTY_BODY = YES;
				CLANG_WARN_ENUM_CONVERSION = YES;
				CLANG_WARN_INFINITE_RECURSION = YES;
				CLANG_WARN_INT_CONVERSION = YES;
				CLANG_WARN_NON_LITERAL_NULL_CONVERSION = YES;
				CLANG_WARN_OBJC_IMPLICIT_RETAIN_SELF = YES;
				CLANG_WARN_OBJC_LITERAL_CONVERSION = YES;
				CLANG_WARN_OBJC_ROOT_CLASS = YES_ERROR;
				CLANG_WARN_RANGE_LOOP_ANALYSIS = YES;
				CLANG_WARN_STRICT_PROTOTYPES = YES;
				CLANG_WARN_SUSPICIOUS_MOVE = YES;
				CLANG_WARN_UNGUARDED_AVAILABILITY = YES_AGGRESSIVE;
				CLANG_WARN_UNREACHABLE_CODE = YES;
				CLANG_WARN__DUPLICATE_METHOD_MATCH = YES;
				COPY_PHASE_STRIP = NO;
				DEBUG_INFORMATION_FORMAT = "dwarf-with-dsym";
				ENABLE_NS_ASSERTIONS = NO;
				ENABLE_STRICT_OBJC_MSGSEND = YES;
				GCC_C_LANGUAGE_STANDARD = gnu11;
				GCC_NO_COMMON_BLOCKS = YES;
				GCC_WARN_64_TO_32_BIT_CONVERSION = YES;
				GCC_WARN_ABOUT_RETURN_TYPE = YES_ERROR;
				GCC_WARN_UNDECLARED_SELECTOR = YES;
				GCC_WARN_UNINITIALIZED_AUTOS = YES_AGGRESSIVE;
				GCC_WARN_UNUSED_FUNCTION = YES;
				GCC_WARN_UNUSED_VARIABLE = YES;
				IPHONEOS_DEPLOYMENT_TARGET = 13.2;
				MTL_ENABLE_DEBUG_INFO = NO;
				MTL_FAST_MATH = YES;
				SDKROOT = iphoneos;
				SWIFT_COMPILATION_MODE = wholemodule;
				SWIFT_OPTIMIZATION_LEVEL = "-O";
				VALIDATE_PRODUCT = YES;
			};
			name = Release;
		};
		102A6E74241BE3D50019743B /* Debug */ = {
			isa = XCBuildConfiguration;
			buildSettings = {
				ASSETCATALOG_COMPILER_APPICON_NAME = AppIcon;
				CODE_SIGN_STYLE = Automatic;
				DEVELOPMENT_TEAM = 6XVCDPNNV3;
				INFOPLIST_FILE = ProjectTwo/Info.plist;
				LD_RUNPATH_SEARCH_PATHS = (
					"$(inherited)",
					"@executable_path/Frameworks",
				);
				PRODUCT_BUNDLE_IDENTIFIER = com.example.ProjectTwo.anish;
				PRODUCT_NAME = "$(TARGET_NAME)";
				SWIFT_VERSION = 5.0;
				TARGETED_DEVICE_FAMILY = "1,2";
			};
			name = Debug;
		};
		102A6E75241BE3D50019743B /* Release */ = {
			isa = XCBuildConfiguration;
			buildSettings = {
				ASSETCATALOG_COMPILER_APPICON_NAME = AppIcon;
				CODE_SIGN_STYLE = Automatic;
				DEVELOPMENT_TEAM = 6XVCDPNNV3;
				INFOPLIST_FILE = ProjectTwo/Info.plist;
				LD_RUNPATH_SEARCH_PATHS = (
					"$(inherited)",
					"@executable_path/Frameworks",
				);
				PRODUCT_BUNDLE_IDENTIFIER = com.example.ProjectTwo.anish;
				PRODUCT_NAME = "$(TARGET_NAME)";
				SWIFT_VERSION = 5.0;
				TARGETED_DEVICE_FAMILY = "1,2";
			};
			name = Release;
		};
/* End XCBuildConfiguration section */

/* Begin XCConfigurationList section */
		102A6E5A241BE3D30019743B /* Build configuration list for PBXProject "ProjectTwo" */ = {
			isa = XCConfigurationList;
			buildConfigurations = (
				102A6E71241BE3D50019743B /* Debug */,
				102A6E72241BE3D50019743B /* Release */,
			);
			defaultConfigurationIsVisible = 0;
			defaultConfigurationName = Release;
		};
		102A6E73241BE3D50019743B /* Build configuration list for PBXNativeTarget "ProjectTwo" */ = {
			isa = XCConfigurationList;
			buildConfigurations = (
				102A6E74241BE3D50019743B /* Debug */,
				102A6E75241BE3D50019743B /* Release */,
			);
			defaultConfigurationIsVisible = 0;
			defaultConfigurationName = Release;
		};
/* End XCConfigurationList section */
	};
	rootObject = 102A6E57241BE3D30019743B /* Project object */;
}
