// !$*UTF8*$!
{
	archiveVersion = 1;
	classes = {
	};
	objectVersion = 50;
	objects = {

/* Begin PBXBuildFile section */
		8CC0168523F2B381001503AA /* AppDelegate.swift in Sources */ = {isa = PBXBuildFile; fileRef = 8CC0168423F2B381001503AA /* AppDelegate.swift */; };
		8CC0168723F2B381001503AA /* SceneDelegate.swift in Sources */ = {isa = PBXBuildFile; fileRef = 8CC0168623F2B381001503AA /* SceneDelegate.swift */; };
		8CC0168923F2B381001503AA /* HomeViewController.swift in Sources */ = {isa = PBXBuildFile; fileRef = 8CC0168823F2B381001503AA /* HomeViewController.swift */; };
		8CC0168C23F2B381001503AA /* Main.storyboard in Resources */ = {isa = PBXBuildFile; fileRef = 8CC0168A23F2B381001503AA /* Main.storyboard */; };
		8CC0168E23F2B382001503AA /* Assets.xcassets in Resources */ = {isa = PBXBuildFile; fileRef = 8CC0168D23F2B382001503AA /* Assets.xcassets */; };
		8CC0169123F2B382001503AA /* LaunchScreen.storyboard in Resources */ = {isa = PBXBuildFile; fileRef = 8CC0168F23F2B382001503AA /* LaunchScreen.storyboard */; };
		8CC0169C23F2B382001503AA /* CommentCardWriterTests.swift in Sources */ = {isa = PBXBuildFile; fileRef = 8CC0169B23F2B382001503AA /* CommentCardWriterTests.swift */; };
		8CC016A723F2B382001503AA /* CommentCardWriterUITests.swift in Sources */ = {isa = PBXBuildFile; fileRef = 8CC016A623F2B382001503AA /* CommentCardWriterUITests.swift */; };
		8CC016B523F2B404001503AA /* Division.swift in Sources */ = {isa = PBXBuildFile; fileRef = 8CC016B423F2B404001503AA /* Division.swift */; };
		8CC016B723F2B42C001503AA /* CommentCard.swift in Sources */ = {isa = PBXBuildFile; fileRef = 8CC016B623F2B42C001503AA /* CommentCard.swift */; };
		8CC016B923F2B502001503AA /* Opinion.swift in Sources */ = {isa = PBXBuildFile; fileRef = 8CC016B823F2B502001503AA /* Opinion.swift */; };
		8CC016BB23F2BA18001503AA /* SetupViewController.swift in Sources */ = {isa = PBXBuildFile; fileRef = 8CC016BA23F2BA18001503AA /* SetupViewController.swift */; };
/* End PBXBuildFile section */

/* Begin PBXContainerItemProxy section */
		8CC0169823F2B382001503AA /* PBXContainerItemProxy */ = {
			isa = PBXContainerItemProxy;
			containerPortal = 8CC0167923F2B381001503AA /* Project object */;
			proxyType = 1;
			remoteGlobalIDString = 8CC0168023F2B381001503AA;
			remoteInfo = CommentCardWriter;
		};
		8CC016A323F2B382001503AA /* PBXContainerItemProxy */ = {
			isa = PBXContainerItemProxy;
			containerPortal = 8CC0167923F2B381001503AA /* Project object */;
			proxyType = 1;
			remoteGlobalIDString = 8CC0168023F2B381001503AA;
			remoteInfo = CommentCardWriter;
		};
/* End PBXContainerItemProxy section */

/* Begin PBXFileReference section */
		8CC0168123F2B381001503AA /* CommentCardWriter.app */ = {isa = PBXFileReference; explicitFileType = wrapper.application; includeInIndex = 0; path = CommentCardWriter.app; sourceTree = BUILT_PRODUCTS_DIR; };
		8CC0168423F2B381001503AA /* AppDelegate.swift */ = {isa = PBXFileReference; lastKnownFileType = sourcecode.swift; path = AppDelegate.swift; sourceTree = "<group>"; };
		8CC0168623F2B381001503AA /* SceneDelegate.swift */ = {isa = PBXFileReference; lastKnownFileType = sourcecode.swift; path = SceneDelegate.swift; sourceTree = "<group>"; };
		8CC0168823F2B381001503AA /* HomeViewController.swift */ = {isa = PBXFileReference; lastKnownFileType = sourcecode.swift; path = HomeViewController.swift; sourceTree = "<group>"; };
		8CC0168B23F2B381001503AA /* Base */ = {isa = PBXFileReference; lastKnownFileType = file.storyboard; name = Base; path = Base.lproj/Main.storyboard; sourceTree = "<group>"; };
		8CC0168D23F2B382001503AA /* Assets.xcassets */ = {isa = PBXFileReference; lastKnownFileType = folder.assetcatalog; path = Assets.xcassets; sourceTree = "<group>"; };
		8CC0169023F2B382001503AA /* Base */ = {isa = PBXFileReference; lastKnownFileType = file.storyboard; name = Base; path = Base.lproj/LaunchScreen.storyboard; sourceTree = "<group>"; };
		8CC0169223F2B382001503AA /* Info.plist */ = {isa = PBXFileReference; lastKnownFileType = text.plist.xml; path = Info.plist; sourceTree = "<group>"; };
		8CC0169723F2B382001503AA /* CommentCardWriterTests.xctest */ = {isa = PBXFileReference; explicitFileType = wrapper.cfbundle; includeInIndex = 0; path = CommentCardWriterTests.xctest; sourceTree = BUILT_PRODUCTS_DIR; };
		8CC0169B23F2B382001503AA /* CommentCardWriterTests.swift */ = {isa = PBXFileReference; lastKnownFileType = sourcecode.swift; path = CommentCardWriterTests.swift; sourceTree = "<group>"; };
		8CC0169D23F2B382001503AA /* Info.plist */ = {isa = PBXFileReference; lastKnownFileType = text.plist.xml; path = Info.plist; sourceTree = "<group>"; };
		8CC016A223F2B382001503AA /* CommentCardWriterUITests.xctest */ = {isa = PBXFileReference; explicitFileType = wrapper.cfbundle; includeInIndex = 0; path = CommentCardWriterUITests.xctest; sourceTree = BUILT_PRODUCTS_DIR; };
		8CC016A623F2B382001503AA /* CommentCardWriterUITests.swift */ = {isa = PBXFileReference; lastKnownFileType = sourcecode.swift; path = CommentCardWriterUITests.swift; sourceTree = "<group>"; };
		8CC016A823F2B382001503AA /* Info.plist */ = {isa = PBXFileReference; lastKnownFileType = text.plist.xml; path = Info.plist; sourceTree = "<group>"; };
		8CC016B423F2B404001503AA /* Division.swift */ = {isa = PBXFileReference; lastKnownFileType = sourcecode.swift; path = Division.swift; sourceTree = "<group>"; };
		8CC016B623F2B42C001503AA /* CommentCard.swift */ = {isa = PBXFileReference; lastKnownFileType = sourcecode.swift; path = CommentCard.swift; sourceTree = "<group>"; };
		8CC016B823F2B502001503AA /* Opinion.swift */ = {isa = PBXFileReference; lastKnownFileType = sourcecode.swift; path = Opinion.swift; sourceTree = "<group>"; };
		8CC016BA23F2BA18001503AA /* SetupViewController.swift */ = {isa = PBXFileReference; lastKnownFileType = sourcecode.swift; path = SetupViewController.swift; sourceTree = "<group>"; };
/* End PBXFileReference section */

/* Begin PBXFrameworksBuildPhase section */
		8CC0167E23F2B381001503AA /* Frameworks */ = {
			isa = PBXFrameworksBuildPhase;
			buildActionMask = 2147483647;
			files = (
			);
			runOnlyForDeploymentPostprocessing = 0;
		};
		8CC0169423F2B382001503AA /* Frameworks */ = {
			isa = PBXFrameworksBuildPhase;
			buildActionMask = 2147483647;
			files = (
			);
			runOnlyForDeploymentPostprocessing = 0;
		};
		8CC0169F23F2B382001503AA /* Frameworks */ = {
			isa = PBXFrameworksBuildPhase;
			buildActionMask = 2147483647;
			files = (
			);
			runOnlyForDeploymentPostprocessing = 0;
		};
/* End PBXFrameworksBuildPhase section */

/* Begin PBXGroup section */
		8CC0167823F2B381001503AA = {
			isa = PBXGroup;
			children = (
				8CC0168323F2B381001503AA /* CommentCardWriter */,
				8CC0169A23F2B382001503AA /* CommentCardWriterTests */,
				8CC016A523F2B382001503AA /* CommentCardWriterUITests */,
				8CC0168223F2B381001503AA /* Products */,
			);
			sourceTree = "<group>";
		};
		8CC0168223F2B381001503AA /* Products */ = {
			isa = PBXGroup;
			children = (
				8CC0168123F2B381001503AA /* CommentCardWriter.app */,
				8CC0169723F2B382001503AA /* CommentCardWriterTests.xctest */,
				8CC016A223F2B382001503AA /* CommentCardWriterUITests.xctest */,
			);
			name = Products;
			sourceTree = "<group>";
		};
		8CC0168323F2B381001503AA /* CommentCardWriter */ = {
			isa = PBXGroup;
			children = (
				8CC0168423F2B381001503AA /* AppDelegate.swift */,
				8CC0168623F2B381001503AA /* SceneDelegate.swift */,
				8CC0168823F2B381001503AA /* HomeViewController.swift */,
				8CC0168A23F2B381001503AA /* Main.storyboard */,
				8CC0168D23F2B382001503AA /* Assets.xcassets */,
				8CC0168F23F2B382001503AA /* LaunchScreen.storyboard */,
				8CC0169223F2B382001503AA /* Info.plist */,
				8CC016B423F2B404001503AA /* Division.swift */,
				8CC016B623F2B42C001503AA /* CommentCard.swift */,
				8CC016B823F2B502001503AA /* Opinion.swift */,
				8CC016BA23F2BA18001503AA /* SetupViewController.swift */,
			);
			path = CommentCardWriter;
			sourceTree = "<group>";
		};
		8CC0169A23F2B382001503AA /* CommentCardWriterTests */ = {
			isa = PBXGroup;
			children = (
				8CC0169B23F2B382001503AA /* CommentCardWriterTests.swift */,
				8CC0169D23F2B382001503AA /* Info.plist */,
			);
			path = CommentCardWriterTests;
			sourceTree = "<group>";
		};
		8CC016A523F2B382001503AA /* CommentCardWriterUITests */ = {
			isa = PBXGroup;
			children = (
				8CC016A623F2B382001503AA /* CommentCardWriterUITests.swift */,
				8CC016A823F2B382001503AA /* Info.plist */,
			);
			path = CommentCardWriterUITests;
			sourceTree = "<group>";
		};
/* End PBXGroup section */

/* Begin PBXNativeTarget section */
		8CC0168023F2B381001503AA /* CommentCardWriter */ = {
			isa = PBXNativeTarget;
			buildConfigurationList = 8CC016AB23F2B382001503AA /* Build configuration list for PBXNativeTarget "CommentCardWriter" */;
			buildPhases = (
				8CC0167D23F2B381001503AA /* Sources */,
				8CC0167E23F2B381001503AA /* Frameworks */,
				8CC0167F23F2B381001503AA /* Resources */,
			);
			buildRules = (
			);
			dependencies = (
			);
			name = CommentCardWriter;
			productName = CommentCardWriter;
			productReference = 8CC0168123F2B381001503AA /* CommentCardWriter.app */;
			productType = "com.apple.product-type.application";
		};
		8CC0169623F2B382001503AA /* CommentCardWriterTests */ = {
			isa = PBXNativeTarget;
			buildConfigurationList = 8CC016AE23F2B382001503AA /* Build configuration list for PBXNativeTarget "CommentCardWriterTests" */;
			buildPhases = (
				8CC0169323F2B382001503AA /* Sources */,
				8CC0169423F2B382001503AA /* Frameworks */,
				8CC0169523F2B382001503AA /* Resources */,
			);
			buildRules = (
			);
			dependencies = (
				8CC0169923F2B382001503AA /* PBXTargetDependency */,
			);
			name = CommentCardWriterTests;
			productName = CommentCardWriterTests;
			productReference = 8CC0169723F2B382001503AA /* CommentCardWriterTests.xctest */;
			productType = "com.apple.product-type.bundle.unit-test";
		};
		8CC016A123F2B382001503AA /* CommentCardWriterUITests */ = {
			isa = PBXNativeTarget;
			buildConfigurationList = 8CC016B123F2B382001503AA /* Build configuration list for PBXNativeTarget "CommentCardWriterUITests" */;
			buildPhases = (
				8CC0169E23F2B382001503AA /* Sources */,
				8CC0169F23F2B382001503AA /* Frameworks */,
				8CC016A023F2B382001503AA /* Resources */,
			);
			buildRules = (
			);
			dependencies = (
				8CC016A423F2B382001503AA /* PBXTargetDependency */,
			);
			name = CommentCardWriterUITests;
			productName = CommentCardWriterUITests;
			productReference = 8CC016A223F2B382001503AA /* CommentCardWriterUITests.xctest */;
			productType = "com.apple.product-type.bundle.ui-testing";
		};
/* End PBXNativeTarget section */

/* Begin PBXProject section */
		8CC0167923F2B381001503AA /* Project object */ = {
			isa = PBXProject;
			attributes = {
				LastSwiftUpdateCheck = 1130;
				LastUpgradeCheck = 1130;
				ORGANIZATIONNAME = "Kochhar, Anish (EJNR)";
				TargetAttributes = {
					8CC0168023F2B381001503AA = {
						CreatedOnToolsVersion = 11.3;
					};
					8CC0169623F2B382001503AA = {
						CreatedOnToolsVersion = 11.3;
						TestTargetID = 8CC0168023F2B381001503AA;
					};
					8CC016A123F2B382001503AA = {
						CreatedOnToolsVersion = 11.3;
						TestTargetID = 8CC0168023F2B381001503AA;
					};
				};
			};
			buildConfigurationList = 8CC0167C23F2B381001503AA /* Build configuration list for PBXProject "CommentCardWriter" */;
			compatibilityVersion = "Xcode 9.3";
			developmentRegion = en;
			hasScannedForEncodings = 0;
			knownRegions = (
				en,
				Base,
			);
			mainGroup = 8CC0167823F2B381001503AA;
			productRefGroup = 8CC0168223F2B381001503AA /* Products */;
			projectDirPath = "";
			projectRoot = "";
			targets = (
				8CC0168023F2B381001503AA /* CommentCardWriter */,
				8CC0169623F2B382001503AA /* CommentCardWriterTests */,
				8CC016A123F2B382001503AA /* CommentCardWriterUITests */,
			);
		};
/* End PBXProject section */

/* Begin PBXResourcesBuildPhase section */
		8CC0167F23F2B381001503AA /* Resources */ = {
			isa = PBXResourcesBuildPhase;
			buildActionMask = 2147483647;
			files = (
				8CC0169123F2B382001503AA /* LaunchScreen.storyboard in Resources */,
				8CC0168E23F2B382001503AA /* Assets.xcassets in Resources */,
				8CC0168C23F2B381001503AA /* Main.storyboard in Resources */,
			);
			runOnlyForDeploymentPostprocessing = 0;
		};
		8CC0169523F2B382001503AA /* Resources */ = {
			isa = PBXResourcesBuildPhase;
			buildActionMask = 2147483647;
			files = (
			);
			runOnlyForDeploymentPostprocessing = 0;
		};
		8CC016A023F2B382001503AA /* Resources */ = {
			isa = PBXResourcesBuildPhase;
			buildActionMask = 2147483647;
			files = (
			);
			runOnlyForDeploymentPostprocessing = 0;
		};
/* End PBXResourcesBuildPhase section */

/* Begin PBXSourcesBuildPhase section */
		8CC0167D23F2B381001503AA /* Sources */ = {
			isa = PBXSourcesBuildPhase;
			buildActionMask = 2147483647;
			files = (
				8CC0168923F2B381001503AA /* HomeViewController.swift in Sources */,
				8CC016B723F2B42C001503AA /* CommentCard.swift in Sources */,
				8CC016B923F2B502001503AA /* Opinion.swift in Sources */,
				8CC0168523F2B381001503AA /* AppDelegate.swift in Sources */,
				8CC016B523F2B404001503AA /* Division.swift in Sources */,
				8CC0168723F2B381001503AA /* SceneDelegate.swift in Sources */,
				8CC016BB23F2BA18001503AA /* SetupViewController.swift in Sources */,
			);
			runOnlyForDeploymentPostprocessing = 0;
		};
		8CC0169323F2B382001503AA /* Sources */ = {
			isa = PBXSourcesBuildPhase;
			buildActionMask = 2147483647;
			files = (
				8CC0169C23F2B382001503AA /* CommentCardWriterTests.swift in Sources */,
			);
			runOnlyForDeploymentPostprocessing = 0;
		};
		8CC0169E23F2B382001503AA /* Sources */ = {
			isa = PBXSourcesBuildPhase;
			buildActionMask = 2147483647;
			files = (
				8CC016A723F2B382001503AA /* CommentCardWriterUITests.swift in Sources */,
			);
			runOnlyForDeploymentPostprocessing = 0;
		};
/* End PBXSourcesBuildPhase section */

/* Begin PBXTargetDependency section */
		8CC0169923F2B382001503AA /* PBXTargetDependency */ = {
			isa = PBXTargetDependency;
			target = 8CC0168023F2B381001503AA /* CommentCardWriter */;
			targetProxy = 8CC0169823F2B382001503AA /* PBXContainerItemProxy */;
		};
		8CC016A423F2B382001503AA /* PBXTargetDependency */ = {
			isa = PBXTargetDependency;
			target = 8CC0168023F2B381001503AA /* CommentCardWriter */;
			targetProxy = 8CC016A323F2B382001503AA /* PBXContainerItemProxy */;
		};
/* End PBXTargetDependency section */

/* Begin PBXVariantGroup section */
		8CC0168A23F2B381001503AA /* Main.storyboard */ = {
			isa = PBXVariantGroup;
			children = (
				8CC0168B23F2B381001503AA /* Base */,
			);
			name = Main.storyboard;
			sourceTree = "<group>";
		};
		8CC0168F23F2B382001503AA /* LaunchScreen.storyboard */ = {
			isa = PBXVariantGroup;
			children = (
				8CC0169023F2B382001503AA /* Base */,
			);
			name = LaunchScreen.storyboard;
			sourceTree = "<group>";
		};
/* End PBXVariantGroup section */

/* Begin XCBuildConfiguration section */
		8CC016A923F2B382001503AA /* Debug */ = {
			isa = XCBuildConfiguration;
			buildSettings = {
				ALWAYS_SEARCH_USER_PATHS = NO;
				CLANG_ANALYZER_NONNULL = YES;
				CLANG_ANALYZER_NUMBER_OBJECT_CONVERSION = YES_AGGRESSIVE;
				CLANG_CXX_LANGUAGE_STANDARD = "gnu++14";
				CLANG_CXX_LIBRARY = "libc++";
				CLANG_ENABLE_MODULES = YES;
				CLANG_ENABLE_OBJC_ARC = YES;
				CLANG_ENABLE_OBJC_WEAK = YES;
				CLANG_WARN_BLOCK_CAPTURE_AUTORELEASING = YES;
				CLANG_WARN_BOOL_CONVERSION = YES;
				CLANG_WARN_COMMA = YES;
				CLANG_WARN_CONSTANT_CONVERSION = YES;
				CLANG_WARN_DEPRECATED_OBJC_IMPLEMENTATIONS = YES;
				CLANG_WARN_DIRECT_OBJC_ISA_USAGE = YES_ERROR;
				CLANG_WARN_DOCUMENTATION_COMMENTS = YES;
				CLANG_WARN_EMPTY_BODY = YES;
				CLANG_WARN_ENUM_CONVERSION = YES;
				CLANG_WARN_INFINITE_RECURSION = YES;
				CLANG_WARN_INT_CONVERSION = YES;
				CLANG_WARN_NON_LITERAL_NULL_CONVERSION = YES;
				CLANG_WARN_OBJC_IMPLICIT_RETAIN_SELF = YES;
				CLANG_WARN_OBJC_LITERAL_CONVERSION = YES;
				CLANG_WARN_OBJC_ROOT_CLASS = YES_ERROR;
				CLANG_WARN_RANGE_LOOP_ANALYSIS = YES;
				CLANG_WARN_STRICT_PROTOTYPES = YES;
				CLANG_WARN_SUSPICIOUS_MOVE = YES;
				CLANG_WARN_UNGUARDED_AVAILABILITY = YES_AGGRESSIVE;
				CLANG_WARN_UNREACHABLE_CODE = YES;
				CLANG_WARN__DUPLICATE_METHOD_MATCH = YES;
				COPY_PHASE_STRIP = NO;
				DEBUG_INFORMATION_FORMAT = dwarf;
				ENABLE_STRICT_OBJC_MSGSEND = YES;
				ENABLE_TESTABILITY = YES;
				GCC_C_LANGUAGE_STANDARD = gnu11;
				GCC_DYNAMIC_NO_PIC = NO;
				GCC_NO_COMMON_BLOCKS = YES;
				GCC_OPTIMIZATION_LEVEL = 0;
				GCC_PREPROCESSOR_DEFINITIONS = (
					"DEBUG=1",
					"$(inherited)",
				);
				GCC_WARN_64_TO_32_BIT_CONVERSION = YES;
				GCC_WARN_ABOUT_RETURN_TYPE = YES_ERROR;
				GCC_WARN_UNDECLARED_SELECTOR = YES;
				GCC_WARN_UNINITIALIZED_AUTOS = YES_AGGRESSIVE;
				GCC_WARN_UNUSED_FUNCTION = YES;
				GCC_WARN_UNUSED_VARIABLE = YES;
				IPHONEOS_DEPLOYMENT_TARGET = 13.2;
				MTL_ENABLE_DEBUG_INFO = INCLUDE_SOURCE;
				MTL_FAST_MATH = YES;
				ONLY_ACTIVE_ARCH = YES;
				SDKROOT = iphoneos;
				SWIFT_ACTIVE_COMPILATION_CONDITIONS = DEBUG;
				SWIFT_OPTIMIZATION_LEVEL = "-Onone";
			};
			name = Debug;
		};
		8CC016AA23F2B382001503AA /* Release */ = {
			isa = XCBuildConfiguration;
			buildSettings = {
				ALWAYS_SEARCH_USER_PATHS = NO;
				CLANG_ANALYZER_NONNULL = YES;
				CLANG_ANALYZER_NUMBER_OBJECT_CONVERSION = YES_AGGRESSIVE;
				CLANG_CXX_LANGUAGE_STANDARD = "gnu++14";
				CLANG_CXX_LIBRARY = "libc++";
				CLANG_ENABLE_MODULES = YES;
				CLANG_ENABLE_OBJC_ARC = YES;
				CLANG_ENABLE_OBJC_WEAK = YES;
				CLANG_WARN_BLOCK_CAPTURE_AUTORELEASING = YES;
				CLANG_WARN_BOOL_CONVERSION = YES;
				CLANG_WARN_COMMA = YES;
				CLANG_WARN_CONSTANT_CONVERSION = YES;
				CLANG_WARN_DEPRECATED_OBJC_IMPLEMENTATIONS = YES;
				CLANG_WARN_DIRECT_OBJC_ISA_USAGE = YES_ERROR;
				CLANG_WARN_DOCUMENTATION_COMMENTS = YES;
				CLANG_WARN_EMPTY_BODY = YES;
				CLANG_WARN_ENUM_CONVERSION = YES;
				CLANG_WARN_INFINITE_RECURSION = YES;
				CLANG_WARN_INT_CONVERSION = YES;
				CLANG_WARN_NON_LITERAL_NULL_CONVERSION = YES;
				CLANG_WARN_OBJC_IMPLICIT_RETAIN_SELF = YES;
				CLANG_WARN_OBJC_LITERAL_CONVERSION = YES;
				CLANG_WARN_OBJC_ROOT_CLASS = YES_ERROR;
				CLANG_WARN_RANGE_LOOP_ANALYSIS = YES;
				CLANG_WARN_STRICT_PROTOTYPES = YES;
				CLANG_WARN_SUSPICIOUS_MOVE = YES;
				CLANG_WARN_UNGUARDED_AVAILABILITY = YES_AGGRESSIVE;
				CLANG_WARN_UNREACHABLE_CODE = YES;
				CLANG_WARN__DUPLICATE_METHOD_MATCH = YES;
				COPY_PHASE_STRIP = NO;
				DEBUG_INFORMATION_FORMAT = "dwarf-with-dsym";
				ENABLE_NS_ASSERTIONS = NO;
				ENABLE_STRICT_OBJC_MSGSEND = YES;
				GCC_C_LANGUAGE_STANDARD = gnu11;
				GCC_NO_COMMON_BLOCKS = YES;
				GCC_WARN_64_TO_32_BIT_CONVERSION = YES;
				GCC_WARN_ABOUT_RETURN_TYPE = YES_ERROR;
				GCC_WARN_UNDECLARED_SELECTOR = YES;
				GCC_WARN_UNINITIALIZED_AUTOS = YES_AGGRESSIVE;
				GCC_WARN_UNUSED_FUNCTION = YES;
				GCC_WARN_UNUSED_VARIABLE = YES;
				IPHONEOS_DEPLOYMENT_TARGET = 13.2;
				MTL_ENABLE_DEBUG_INFO = NO;
				MTL_FAST_MATH = YES;
				SDKROOT = iphoneos;
				SWIFT_COMPILATION_MODE = wholemodule;
				SWIFT_OPTIMIZATION_LEVEL = "-O";
				VALIDATE_PRODUCT = YES;
			};
			name = Release;
		};
		8CC016AC23F2B382001503AA /* Debug */ = {
			isa = XCBuildConfiguration;
			buildSettings = {
				ASSETCATALOG_COMPILER_APPICON_NAME = AppIcon;
				CODE_SIGN_STYLE = Automatic;
				INFOPLIST_FILE = CommentCardWriter/Info.plist;
				LD_RUNPATH_SEARCH_PATHS = (
					"$(inherited)",
					"@executable_path/Frameworks",
				);
				PRODUCT_BUNDLE_IDENTIFIER = com.anishkochhar16.CommentCardWriter;
				PRODUCT_NAME = "$(TARGET_NAME)";
				SWIFT_VERSION = 5.0;
				TARGETED_DEVICE_FAMILY = "1,2";
			};
			name = Debug;
		};
		8CC016AD23F2B382001503AA /* Release */ = {
			isa = XCBuildConfiguration;
			buildSettings = {
				ASSETCATALOG_COMPILER_APPICON_NAME = AppIcon;
				CODE_SIGN_STYLE = Automatic;
				INFOPLIST_FILE = CommentCardWriter/Info.plist;
				LD_RUNPATH_SEARCH_PATHS = (
					"$(inherited)",
					"@executable_path/Frameworks",
				);
				PRODUCT_BUNDLE_IDENTIFIER = com.anishkochhar16.CommentCardWriter;
				PRODUCT_NAME = "$(TARGET_NAME)";
				SWIFT_VERSION = 5.0;
				TARGETED_DEVICE_FAMILY = "1,2";
			};
			name = Release;
		};
		8CC016AF23F2B382001503AA /* Debug */ = {
			isa = XCBuildConfiguration;
			buildSettings = {
				ALWAYS_EMBED_SWIFT_STANDARD_LIBRARIES = YES;
				BUNDLE_LOADER = "$(TEST_HOST)";
				CODE_SIGN_STYLE = Automatic;
				INFOPLIST_FILE = CommentCardWriterTests/Info.plist;
				IPHONEOS_DEPLOYMENT_TARGET = 13.2;
				LD_RUNPATH_SEARCH_PATHS = (
					"$(inherited)",
					"@executable_path/Frameworks",
					"@loader_path/Frameworks",
				);
				PRODUCT_BUNDLE_IDENTIFIER = com.anishkochhar16.CommentCardWriterTests;
				PRODUCT_NAME = "$(TARGET_NAME)";
				SWIFT_VERSION = 5.0;
				TARGETED_DEVICE_FAMILY = "1,2";
				TEST_HOST = "$(BUILT_PRODUCTS_DIR)/CommentCardWriter.app/CommentCardWriter";
			};
			name = Debug;
		};
		8CC016B023F2B382001503AA /* Release */ = {
			isa = XCBuildConfiguration;
			buildSettings = {
				ALWAYS_EMBED_SWIFT_STANDARD_LIBRARIES = YES;
				BUNDLE_LOADER = "$(TEST_HOST)";
				CODE_SIGN_STYLE = Automatic;
				INFOPLIST_FILE = CommentCardWriterTests/Info.plist;
				IPHONEOS_DEPLOYMENT_TARGET = 13.2;
				LD_RUNPATH_SEARCH_PATHS = (
					"$(inherited)",
					"@executable_path/Frameworks",
					"@loader_path/Frameworks",
				);
				PRODUCT_BUNDLE_IDENTIFIER = com.anishkochhar16.CommentCardWriterTests;
				PRODUCT_NAME = "$(TARGET_NAME)";
				SWIFT_VERSION = 5.0;
				TARGETED_DEVICE_FAMILY = "1,2";
				TEST_HOST = "$(BUILT_PRODUCTS_DIR)/CommentCardWriter.app/CommentCardWriter";
			};
			name = Release;
		};
		8CC016B223F2B382001503AA /* Debug */ = {
			isa = XCBuildConfiguration;
			buildSettings = {
				ALWAYS_EMBED_SWIFT_STANDARD_LIBRARIES = YES;
				CODE_SIGN_STYLE = Automatic;
				INFOPLIST_FILE = CommentCardWriterUITests/Info.plist;
				LD_RUNPATH_SEARCH_PATHS = (
					"$(inherited)",
					"@executable_path/Frameworks",
					"@loader_path/Frameworks",
				);
				PRODUCT_BUNDLE_IDENTIFIER = com.anishkochhar16.CommentCardWriterUITests;
				PRODUCT_NAME = "$(TARGET_NAME)";
				SWIFT_VERSION = 5.0;
				TARGETED_DEVICE_FAMILY = "1,2";
				TEST_TARGET_NAME = CommentCardWriter;
			};
			name = Debug;
		};
		8CC016B323F2B382001503AA /* Release */ = {
			isa = XCBuildConfiguration;
			buildSettings = {
				ALWAYS_EMBED_SWIFT_STANDARD_LIBRARIES = YES;
				CODE_SIGN_STYLE = Automatic;
				INFOPLIST_FILE = CommentCardWriterUITests/Info.plist;
				LD_RUNPATH_SEARCH_PATHS = (
					"$(inherited)",
					"@executable_path/Frameworks",
					"@loader_path/Frameworks",
				);
				PRODUCT_BUNDLE_IDENTIFIER = com.anishkochhar16.CommentCardWriterUITests;
				PRODUCT_NAME = "$(TARGET_NAME)";
				SWIFT_VERSION = 5.0;
				TARGETED_DEVICE_FAMILY = "1,2";
				TEST_TARGET_NAME = CommentCardWriter;
			};
			name = Release;
		};
/* End XCBuildConfiguration section */

/* Begin XCConfigurationList section */
		8CC0167C23F2B381001503AA /* Build configuration list for PBXProject "CommentCardWriter" */ = {
			isa = XCConfigurationList;
			buildConfigurations = (
				8CC016A923F2B382001503AA /* Debug */,
				8CC016AA23F2B382001503AA /* Release */,
			);
			defaultConfigurationIsVisible = 0;
			defaultConfigurationName = Release;
		};
		8CC016AB23F2B382001503AA /* Build configuration list for PBXNativeTarget "CommentCardWriter" */ = {
			isa = XCConfigurationList;
			buildConfigurations = (
				8CC016AC23F2B382001503AA /* Debug */,
				8CC016AD23F2B382001503AA /* Release */,
			);
			defaultConfigurationIsVisible = 0;
			defaultConfigurationName = Release;
		};
		8CC016AE23F2B382001503AA /* Build configuration list for PBXNativeTarget "CommentCardWriterTests" */ = {
			isa = XCConfigurationList;
			buildConfigurations = (
				8CC016AF23F2B382001503AA /* Debug */,
				8CC016B023F2B382001503AA /* Release */,
			);
			defaultConfigurationIsVisible = 0;
			defaultConfigurationName = Release;
		};
		8CC016B123F2B382001503AA /* Build configuration list for PBXNativeTarget "CommentCardWriterUITests" */ = {
			isa = XCConfigurationList;
			buildConfigurations = (
				8CC016B223F2B382001503AA /* Debug */,
				8CC016B323F2B382001503AA /* Release */,
			);
			defaultConfigurationIsVisible = 0;
			defaultConfigurationName = Release;
		};
/* End XCConfigurationList section */
	};
	rootObject = 8CC0167923F2B381001503AA /* Project object */;
}
